dependencies:
- name: hatchet-api
  repository: file://../hatchet-api
  version: 0.9.2
- name: hatchet-api
  repository: file://../hatchet-api
  version: 0.9.2
- name: hatchet-frontend
  repository: file://../hatchet-frontend
  version: 0.9.2
- name: postgresql
  repository: https://charts.bitnami.com/bitnami
  version: 16.7.12
- name: rabbitmq
  repository: https://charts.bitnami.com/bitnami
  version: 16.0.8
digest: sha256:42afa54ed1b090e219fc5775f3d285e3a17b1bcdacb7e8ba77b21c4c4801db09
generated: "2025-06-18T16:09:22.010909-04:00"
